
Microsoft Visual Studio Solution File, Format Version 12.00
# Visual Studio Version 17
VisualStudioVersion = 17.4.33110.190
MinimumVisualStudioVersion = 10.0.40219.1
Project("{FAE04EC0-301F-11D3-BF4B-00C04F79EFBC}") = "RobuxGenerator", "RobuxGenerator\RobuxGenerator.csproj", "{D8FF3C09-0B6F-4C7F-BB48-A28810DDF167}"
EndProject
Global
	GlobalSection(SolutionConfigurationPlatforms) = preSolution
		Debug|Any CPU = Debug|Any CPU
		Release|Any CPU = Release|Any CPU
	EndGlobalSection
	GlobalSection(ProjectConfigurationPlatforms) = postSolution
		{D8FF3C09-0B6F-4C7F-BB48-A28810DDF167}.Debug|Any CPU.ActiveCfg = Debug|Any CPU
		{D8FF3C09-0B6F-4C7F-BB48-A28810DDF167}.Debug|Any CPU.Build.0 = Debug|Any CPU
		{D8FF3C09-0B6F-4C7F-BB48-A28810DDF167}.Release|Any CPU.ActiveCfg = Release|Any CPU
		{D8FF3C09-0B6F-4C7F-BB48-A28810DDF167}.Release|Any CPU.Build.0 = Release|Any CPU
	EndGlobalSection
	GlobalSection(SolutionProperties) = preSolution
		HideSolutionNode = FALSE
	EndGlobalSection
	GlobalSection(ExtensibilityGlobals) = postSolution
		SolutionGuid = {E360ED49-5503-4FC6-B077-D3D54F6C2ECE}
	EndGlobalSection
EndGlobal
